// !$*UTF8*$!
{
	archiveVersion = 1;
	classes = {
	};
	objectVersion = 46;
	objects = {

/* Begin PBXBuildFile section */
		CBED22281BA2D9FF0089A0DF /* main.m in Sources */ = {isa = PBXBuildFile; fileRef = CBED22271BA2D9FF0089A0DF /* main.m */; };
		CBED22311BA2DA630089A0DF /* FCGenstrings.m in Sources */ = {isa = PBXBuildFile; fileRef = CBED22301BA2DA630089A0DF /* FCGenstrings.m */; };
/* End PBXBuildFile section */

/* Begin PBXCopyFilesBuildPhase section */
		CBED22221BA2D9FF0089A0DF /* CopyFiles */ = {
			isa = PBXCopyFilesBuildPhase;
			buildActionMask = 2147483647;
			dstPath = /usr/share/man/man1/;
			dstSubfolderSpec = 0;
			files = (
			);
			runOnlyForDeploymentPostprocessing = 1;
		};
/* End PBXCopyFilesBuildPhase section */

/* Begin PBXFileReference section */
		CBED22241BA2D9FF0089A0DF /* FCGenstrings */ = {isa = PBXFileReference; explicitFileType = "compiled.mach-o.executable"; includeInIndex = 0; path = FCGenstrings; sourceTree = BUILT_PRODUCTS_DIR; };
		CBED22271BA2D9FF0089A0DF /* main.m */ = {isa = PBXFileReference; lastKnownFileType = sourcecode.c.objc; path = main.m; sourceTree = "<group>"; };
		CBED222F1BA2DA630089A0DF /* FCGenstrings.h */ = {isa = PBXFileReference; fileEncoding = 4; lastKnownFileType = sourcecode.c.h; path = FCGenstrings.h; sourceTree = "<group>"; };
		CBED22301BA2DA630089A0DF /* FCGenstrings.m */ = {isa = PBXFileReference; fileEncoding = 4; lastKnownFileType = sourcecode.c.objc; path = FCGenstrings.m; sourceTree = "<group>"; };
/* End PBXFileReference section */

/* Begin PBXFrameworksBuildPhase section */
		CBED22211BA2D9FF0089A0DF /* Frameworks */ = {
			isa = PBXFrameworksBuildPhase;
			buildActionMask = 2147483647;
			files = (
			);
			runOnlyForDeploymentPostprocessing = 0;
		};
/* End PBXFrameworksBuildPhase section */

/* Begin PBXGroup section */
		CBED221B1BA2D9FF0089A0DF = {
			isa = PBXGroup;
			children = (
				CBED22261BA2D9FF0089A0DF /* FCGenstrings */,
				CBED22251BA2D9FF0089A0DF /* Products */,
			);
			sourceTree = "<group>";
		};
		CBED22251BA2D9FF0089A0DF /* Products */ = {
			isa = PBXGroup;
			children = (
				CBED22241BA2D9FF0089A0DF /* FCGenstrings */,
			);
			name = Products;
			sourceTree = "<group>";
		};
		CBED22261BA2D9FF0089A0DF /* FCGenstrings */ = {
			isa = PBXGroup;
			children = (
				CBED222E1BA2DA4D0089A0DF /* Source */,
				CBED22271BA2D9FF0089A0DF /* main.m */,
			);
			path = FCGenstrings;
			sourceTree = "<group>";
		};
		CBED222E1BA2DA4D0089A0DF /* Source */ = {
			isa = PBXGroup;
			children = (
				CBED222F1BA2DA630089A0DF /* FCGenstrings.h */,
				CBED22301BA2DA630089A0DF /* FCGenstrings.m */,
			);
			name = Source;
			path = ../Source;
			sourceTree = "<group>";
		};
/* End PBXGroup section */

/* Begin PBXNativeTarget section */
		CBED22231BA2D9FF0089A0DF /* fcgenstrings */ = {
			isa = PBXNativeTarget;
			buildConfigurationList = CBED222B1BA2D9FF0089A0DF /* Build configuration list for PBXNativeTarget "fcgenstrings" */;
			buildPhases = (
				CBED22201BA2D9FF0089A0DF /* Sources */,
				CBED22211BA2D9FF0089A0DF /* Frameworks */,
				CBED22221BA2D9FF0089A0DF /* CopyFiles */,
			);
			buildRules = (
			);
			dependencies = (
			);
			name = fcgenstrings;
			productName = FCGenstrings;
			productReference = CBED22241BA2D9FF0089A0DF /* FCGenstrings */;
			productType = "com.apple.product-type.tool";
		};
/* End PBXNativeTarget section */

/* Begin PBXProject section */
		CBED221C1BA2D9FF0089A0DF /* Project object */ = {
			isa = PBXProject;
			attributes = {
				LastUpgradeCheck = 0640;
				ORGANIZATIONNAME = Farcoding;
				TargetAttributes = {
					CBED22231BA2D9FF0089A0DF = {
						CreatedOnToolsVersion = 6.4;
					};
				};
			};
			buildConfigurationList = CBED221F1BA2D9FF0089A0DF /* Build configuration list for PBXProject "FCGenstrings" */;
			compatibilityVersion = "Xcode 3.2";
			developmentRegion = English;
			hasScannedForEncodings = 0;
			knownRegions = (
				en,
			);
			mainGroup = CBED221B1BA2D9FF0089A0DF;
			productRefGroup = CBED22251BA2D9FF0089A0DF /* Products */;
			projectDirPath = "";
			projectRoot = "";
			targets = (
				CBED22231BA2D9FF0089A0DF /* fcgenstrings */,
			);
		};
/* End PBXProject section */

/* Begin PBXSourcesBuildPhase section */
		CBED22201BA2D9FF0089A0DF /* Sources */ = {
			isa = PBXSourcesBuildPhase;
			buildActionMask = 2147483647;
			files = (
				CBED22311BA2DA630089A0DF /* FCGenstrings.m in Sources */,
				CBED22281BA2D9FF0089A0DF /* main.m in Sources */,
			);
			runOnlyForDeploymentPostprocessing = 0;
		};
/* End PBXSourcesBuildPhase section */

/* Begin XCBuildConfiguration section */
		CBED22291BA2D9FF0089A0DF /* Debug */ = {
			isa = XCBuildConfiguration;
			buildSettings = {
				ALWAYS_SEARCH_USER_PATHS = NO;
				CLANG_CXX_LANGUAGE_STANDARD = "gnu++0x";
				CLANG_CXX_LIBRARY = "libc++";
				CLANG_ENABLE_MODULES = YES;
				CLANG_ENABLE_OBJC_ARC = YES;
				CLANG_WARN_BOOL_CONVERSION = YES;
				CLANG_WARN_CONSTANT_CONVERSION = YES;
				CLANG_WARN_DIRECT_OBJC_ISA_USAGE = YES_ERROR;
				CLANG_WARN_EMPTY_BODY = YES;
				CLANG_WARN_ENUM_CONVERSION = YES;
				CLANG_WARN_INT_CONVERSION = YES;
				CLANG_WARN_OBJC_ROOT_CLASS = YES_ERROR;
				CLANG_WARN_UNREACHABLE_CODE = YES;
				CLANG_WARN__DUPLICATE_METHOD_MATCH = YES;
				COPY_PHASE_STRIP = NO;
				DEBUG_INFORMATION_FORMAT = dwarf;
				ENABLE_STRICT_OBJC_MSGSEND = YES;
				GCC_C_LANGUAGE_STANDARD = gnu99;
				GCC_DYNAMIC_NO_PIC = NO;
				GCC_NO_COMMON_BLOCKS = YES;
				GCC_OPTIMIZATION_LEVEL = 0;
				GCC_PREPROCESSOR_DEFINITIONS = (
					"DEBUG=1",
					"$(inherited)",
				);
				GCC_SYMBOLS_PRIVATE_EXTERN = NO;
				GCC_WARN_64_TO_32_BIT_CONVERSION = YES;
				GCC_WARN_ABOUT_RETURN_TYPE = YES_ERROR;
				GCC_WARN_UNDECLARED_SELECTOR = YES;
				GCC_WARN_UNINITIALIZED_AUTOS = YES_AGGRESSIVE;
				GCC_WARN_UNUSED_FUNCTION = YES;
				GCC_WARN_UNUSED_VARIABLE = YES;
				MACOSX_DEPLOYMENT_TARGET = 10.10;
				MTL_ENABLE_DEBUG_INFO = YES;
				ONLY_ACTIVE_ARCH = YES;
				SDKROOT = macosx;
			};
			name = Debug;
		};
		CBED222A1BA2D9FF0089A0DF /* Release */ = {
			isa = XCBuildConfiguration;
			buildSettings = {
				ALWAYS_SEARCH_USER_PATHS = NO;
				CLANG_CXX_LANGUAGE_STANDARD = "gnu++0x";
				CLANG_CXX_LIBRARY = "libc++";
				CLANG_ENABLE_MODULES = YES;
				CLANG_ENABLE_OBJC_ARC = YES;
				CLANG_WARN_BOOL_CONVERSION = YES;
				CLANG_WARN_CONSTANT_CONVERSION = YES;
				CLANG_WARN_DIRECT_OBJC_ISA_USAGE = YES_ERROR;
				CLANG_WARN_EMPTY_BODY = YES;
				CLANG_WARN_ENUM_CONVERSION = YES;
				CLANG_WARN_INT_CONVERSION = YES;
				CLANG_WARN_OBJC_ROOT_CLASS = YES_ERROR;
				CLANG_WARN_UNREACHABLE_CODE = YES;
				CLANG_WARN__DUPLICATE_METHOD_MATCH = YES;
				COPY_PHASE_STRIP = NO;
				DEBUG_INFORMATION_FORMAT = "dwarf-with-dsym";
				ENABLE_NS_ASSERTIONS = NO;
				ENABLE_STRICT_OBJC_MSGSEND = YES;
				GCC_C_LANGUAGE_STANDARD = gnu99;
				GCC_NO_COMMON_BLOCKS = YES;
				GCC_WARN_64_TO_32_BIT_CONVERSION = YES;
				GCC_WARN_ABOUT_RETURN_TYPE = YES_ERROR;
				GCC_WARN_UNDECLARED_SELECTOR = YES;
				GCC_WARN_UNINITIALIZED_AUTOS = YES_AGGRESSIVE;
				GCC_WARN_UNUSED_FUNCTION = YES;
				GCC_WARN_UNUSED_VARIABLE = YES;
				MACOSX_DEPLOYMENT_TARGET = 10.10;
				MTL_ENABLE_DEBUG_INFO = NO;
				SDKROOT = macosx;
			};
			name = Release;
		};
		CBED222C1BA2D9FF0089A0DF /* Debug */ = {
			isa = XCBuildConfiguration;
			buildSettings = {
				PRODUCT_NAME = "$(TARGET_NAME)";
			};
			name = Debug;
		};
		CBED222D1BA2D9FF0089A0DF /* Release */ = {
			isa = XCBuildConfiguration;
			buildSettings = {
				PRODUCT_NAME = "$(TARGET_NAME)";
			};
			name = Release;
		};
/* End XCBuildConfiguration section */

/* Begin XCConfigurationList section */
		CBED221F1BA2D9FF0089A0DF /* Build configuration list for PBXProject "FCGenstrings" */ = {
			isa = XCConfigurationList;
			buildConfigurations = (
				CBED22291BA2D9FF0089A0DF /* Debug */,
				CBED222A1BA2D9FF0089A0DF /* Release */,
			);
			defaultConfigurationIsVisible = 0;
			defaultConfigurationName = Release;
		};
		CBED222B1BA2D9FF0089A0DF /* Build configuration list for PBXNativeTarget "fcgenstrings" */ = {
			isa = XCConfigurationList;
			buildConfigurations = (
				CBED222C1BA2D9FF0089A0DF /* Debug */,
				CBED222D1BA2D9FF0089A0DF /* Release */,
			);
			defaultConfigurationIsVisible = 0;
		};
/* End XCConfigurationList section */
	};
	rootObject = CBED221C1BA2D9FF0089A0DF /* Project object */;
}
